// !$*UTF8*$!
{
	archiveVersion = 1;
	classes = {
	};
	objectVersion = 56;
	objects = {

/* Begin PBXBuildFile section */
		663C68D9293BD6630030C4A9 /* ViewPassing.swift in Sources */ = {isa = PBXBuildFile; fileRef = 663C68D8293BD6630030C4A9 /* ViewPassing.swift */; };
		664405C529252C4E00C9187A /* EscalaModel.swift in Sources */ = {isa = PBXBuildFile; fileRef = 664405C429252C4E00C9187A /* EscalaModel.swift */; };
		664405C729252C5D00C9187A /* EscalaViewModel.swift in Sources */ = {isa = PBXBuildFile; fileRef = 664405C629252C5D00C9187A /* EscalaViewModel.swift */; };
		66562E8E29365CAF00F06455 /* NotasView.swift in Sources */ = {isa = PBXBuildFile; fileRef = 66562E8D29365CAF00F06455 /* NotasView.swift */; };
		6674C6FD293DA7F7003DA77D /* CoreData.swift in Sources */ = {isa = PBXBuildFile; fileRef = 6674C6FC293DA7F7003DA77D /* CoreData.swift */; };
		6674C700293DA909003DA77D /* CoreDataContainer.xcdatamodeld in Sources */ = {isa = PBXBuildFile; fileRef = 6674C6FE293DA909003DA77D /* CoreDataContainer.xcdatamodeld */; };
		669F3D8629250B410003E100 /* EscalaComponents.swift in Sources */ = {isa = PBXBuildFile; fileRef = 669F3D8529250B410003E100 /* EscalaComponents.swift */; };
		66A1CED72902C63E007960A1 /* FirstAppApp.swift in Sources */ = {isa = PBXBuildFile; fileRef = 66A1CED62902C63E007960A1 /* FirstAppApp.swift */; };
		66A1CEDB2902C640007960A1 /* Assets.xcassets in Resources */ = {isa = PBXBuildFile; fileRef = 66A1CEDA2902C640007960A1 /* Assets.xcassets */; };
		66A1CEDE2902C640007960A1 /* Preview Assets.xcassets in Resources */ = {isa = PBXBuildFile; fileRef = 66A1CEDD2902C640007960A1 /* Preview Assets.xcassets */; };
		66A1CEE82902C702007960A1 /* MainView.swift in Sources */ = {isa = PBXBuildFile; fileRef = 66A1CEE72902C702007960A1 /* MainView.swift */; };
		66A1CEEA2902CCE9007960A1 /* ProfileView.swift in Sources */ = {isa = PBXBuildFile; fileRef = 66A1CEE92902CCE9007960A1 /* ProfileView.swift */; };
		66A1CEEC2902CD6C007960A1 /* EscalaDeNotasView.swift in Sources */ = {isa = PBXBuildFile; fileRef = 66A1CEEB2902CD6C007960A1 /* EscalaDeNotasView.swift */; };
		66A1CEEE2902CD8D007960A1 /* PromedioNotas.swift in Sources */ = {isa = PBXBuildFile; fileRef = 66A1CEED2902CD8D007960A1 /* PromedioNotas.swift */; };
		66A92F662937F8A80015CCC8 /* GlobalCode.swift in Sources */ = {isa = PBXBuildFile; fileRef = 66A92F652937F8A80015CCC8 /* GlobalCode.swift */; };
		66A92F682938190F0015CCC8 /* NotaModel.swift in Sources */ = {isa = PBXBuildFile; fileRef = 66A92F672938190F0015CCC8 /* NotaModel.swift */; };
		66A92F6D29381AD20015CCC8 /* NotaViewModel.swift in Sources */ = {isa = PBXBuildFile; fileRef = 66A92F6C29381AD20015CCC8 /* NotaViewModel.swift */; };
		66A92F7029381C140015CCC8 /* PromedioComponents.swift in Sources */ = {isa = PBXBuildFile; fileRef = 66A92F6F29381C140015CCC8 /* PromedioComponents.swift */; };
		66A92F7629382E940015CCC8 /* PerfilView.swift in Sources */ = {isa = PBXBuildFile; fileRef = 66A92F7529382E940015CCC8 /* PerfilView.swift */; };
		66AFDC31293A7D0B004F777D /* EscalaModifiers.swift in Sources */ = {isa = PBXBuildFile; fileRef = 66AFDC30293A7D0B004F777D /* EscalaModifiers.swift */; };
		66AFDC33293A8EF1004F777D /* BackButton.swift in Sources */ = {isa = PBXBuildFile; fileRef = 66AFDC32293A8EF1004F777D /* BackButton.swift */; };
		66AFDC35293A9B14004F777D /* PerfilModel.swift in Sources */ = {isa = PBXBuildFile; fileRef = 66AFDC34293A9B14004F777D /* PerfilModel.swift */; };
		66AFDC37293A9BCB004F777D /* ProfileViewModel.swift in Sources */ = {isa = PBXBuildFile; fileRef = 66AFDC36293A9BCB004F777D /* ProfileViewModel.swift */; };
		66AFDC39293A9C67004F777D /* MateriasModel.swift in Sources */ = {isa = PBXBuildFile; fileRef = 66AFDC38293A9C67004F777D /* MateriasModel.swift */; };
		66AFDC3B293AA2D2004F777D /* SaveNotas.swift in Sources */ = {isa = PBXBuildFile; fileRef = 66AFDC3A293AA2D2004F777D /* SaveNotas.swift */; };
		66FF008A293D7149003FFCE1 /* MateriaComponent.swift in Sources */ = {isa = PBXBuildFile; fileRef = 66FF0089293D7149003FFCE1 /* MateriaComponent.swift */; };
/* End PBXBuildFile section */

/* Begin PBXFileReference section */
		663C68D8293BD6630030C4A9 /* ViewPassing.swift */ = {isa = PBXFileReference; lastKnownFileType = sourcecode.swift; name = ViewPassing.swift; path = firstapp/Testing/ViewPassing.swift; sourceTree = SOURCE_ROOT; };
		664405C429252C4E00C9187A /* EscalaModel.swift */ = {isa = PBXFileReference; lastKnownFileType = sourcecode.swift; path = EscalaModel.swift; sourceTree = "<group>"; };
		664405C629252C5D00C9187A /* EscalaViewModel.swift */ = {isa = PBXFileReference; lastKnownFileType = sourcecode.swift; path = EscalaViewModel.swift; sourceTree = "<group>"; };
		66562E8D29365CAF00F06455 /* NotasView.swift */ = {isa = PBXFileReference; lastKnownFileType = sourcecode.swift; name = NotasView.swift; path = firstapp/Escala/Views/NotasView.swift; sourceTree = SOURCE_ROOT; };
		6674C6FC293DA7F7003DA77D /* CoreData.swift */ = {isa = PBXFileReference; lastKnownFileType = sourcecode.swift; name = CoreData.swift; path = firstapp/CoreDataRelated/CoreData.swift; sourceTree = SOURCE_ROOT; };
		6674C6FF293DA909003DA77D /* CoreDataContainer.xcdatamodel */ = {isa = PBXFileReference; lastKnownFileType = wrapper.xcdatamodel; path = CoreDataContainer.xcdatamodel; sourceTree = "<group>"; };
		669F3D8529250B410003E100 /* EscalaComponents.swift */ = {isa = PBXFileReference; lastKnownFileType = sourcecode.swift; path = EscalaComponents.swift; sourceTree = "<group>"; };
		66A1CED32902C63E007960A1 /* FirstApp.app */ = {isa = PBXFileReference; explicitFileType = wrapper.application; includeInIndex = 0; path = FirstApp.app; sourceTree = BUILT_PRODUCTS_DIR; };
		66A1CED62902C63E007960A1 /* FirstAppApp.swift */ = {isa = PBXFileReference; lastKnownFileType = sourcecode.swift; path = FirstAppApp.swift; sourceTree = "<group>"; };
		66A1CEDA2902C640007960A1 /* Assets.xcassets */ = {isa = PBXFileReference; lastKnownFileType = folder.assetcatalog; path = Assets.xcassets; sourceTree = "<group>"; };
		66A1CEDD2902C640007960A1 /* Preview Assets.xcassets */ = {isa = PBXFileReference; lastKnownFileType = folder.assetcatalog; path = "Preview Assets.xcassets"; sourceTree = "<group>"; };
		66A1CEE72902C702007960A1 /* MainView.swift */ = {isa = PBXFileReference; lastKnownFileType = sourcecode.swift; path = MainView.swift; sourceTree = "<group>"; };
		66A1CEE92902CCE9007960A1 /* ProfileView.swift */ = {isa = PBXFileReference; lastKnownFileType = sourcecode.swift; path = ProfileView.swift; sourceTree = "<group>"; };
		66A1CEEB2902CD6C007960A1 /* EscalaDeNotasView.swift */ = {isa = PBXFileReference; lastKnownFileType = sourcecode.swift; path = EscalaDeNotasView.swift; sourceTree = "<group>"; };
		66A1CEED2902CD8D007960A1 /* PromedioNotas.swift */ = {isa = PBXFileReference; lastKnownFileType = sourcecode.swift; path = PromedioNotas.swift; sourceTree = "<group>"; };
		66A92F652937F8A80015CCC8 /* GlobalCode.swift */ = {isa = PBXFileReference; lastKnownFileType = sourcecode.swift; name = GlobalCode.swift; path = firstapp/Global/GlobalCode.swift; sourceTree = SOURCE_ROOT; };
		66A92F672938190F0015CCC8 /* NotaModel.swift */ = {isa = PBXFileReference; lastKnownFileType = sourcecode.swift; name = NotaModel.swift; path = FirstApp/Promedio/Model/NotaModel.swift; sourceTree = SOURCE_ROOT; };
		66A92F6C29381AD20015CCC8 /* NotaViewModel.swift */ = {isa = PBXFileReference; lastKnownFileType = sourcecode.swift; name = NotaViewModel.swift; path = firstapp/Promedio/ViewModel/NotaViewModel.swift; sourceTree = SOURCE_ROOT; };
		66A92F6F29381C140015CCC8 /* PromedioComponents.swift */ = {isa = PBXFileReference; lastKnownFileType = sourcecode.swift; name = PromedioComponents.swift; path = firstapp/Promedio/Others/PromedioComponents.swift; sourceTree = SOURCE_ROOT; };
		66A92F7529382E940015CCC8 /* PerfilView.swift */ = {isa = PBXFileReference; lastKnownFileType = sourcecode.swift; name = PerfilView.swift; path = firstapp/Perfil/Components/PerfilView.swift; sourceTree = SOURCE_ROOT; };
		66AFDC30293A7D0B004F777D /* EscalaModifiers.swift */ = {isa = PBXFileReference; lastKnownFileType = sourcecode.swift; name = EscalaModifiers.swift; path = firstapp/Escala/Others/EscalaModifiers.swift; sourceTree = SOURCE_ROOT; };
		66AFDC32293A8EF1004F777D /* BackButton.swift */ = {isa = PBXFileReference; lastKnownFileType = sourcecode.swift; name = BackButton.swift; path = firstapp/Global/BackButton.swift; sourceTree = SOURCE_ROOT; };
		66AFDC34293A9B14004F777D /* PerfilModel.swift */ = {isa = PBXFileReference; lastKnownFileType = sourcecode.swift; name = PerfilModel.swift; path = firstapp/Perfil/Model/PerfilModel.swift; sourceTree = SOURCE_ROOT; };
		66AFDC36293A9BCB004F777D /* ProfileViewModel.swift */ = {isa = PBXFileReference; lastKnownFileType = sourcecode.swift; name = ProfileViewModel.swift; path = firstapp/Perfil/ViewModel/ProfileViewModel.swift; sourceTree = SOURCE_ROOT; };
		66AFDC38293A9C67004F777D /* MateriasModel.swift */ = {isa = PBXFileReference; lastKnownFileType = sourcecode.swift; name = MateriasModel.swift; path = firstapp/Perfil/Model/MateriasModel.swift; sourceTree = SOURCE_ROOT; };
		66AFDC3A293AA2D2004F777D /* SaveNotas.swift */ = {isa = PBXFileReference; lastKnownFileType = sourcecode.swift; name = SaveNotas.swift; path = firstapp/Perfil/View/SaveNotas.swift; sourceTree = SOURCE_ROOT; };
		66FF0089293D7149003FFCE1 /* MateriaComponent.swift */ = {isa = PBXFileReference; lastKnownFileType = sourcecode.swift; name = MateriaComponent.swift; path = firstapp/Perfil/Components/MateriaComponent.swift; sourceTree = SOURCE_ROOT; };
/* End PBXFileReference section */

/* Begin PBXFrameworksBuildPhase section */
		66A1CED02902C63E007960A1 /* Frameworks */ = {
			isa = PBXFrameworksBuildPhase;
			buildActionMask = 2147483647;
			files = (
			);
			runOnlyForDeploymentPostprocessing = 0;
		};
/* End PBXFrameworksBuildPhase section */

/* Begin PBXGroup section */
		663C68D7293BD6560030C4A9 /* Testing */ = {
			isa = PBXGroup;
			children = (
				663C68D8293BD6630030C4A9 /* ViewPassing.swift */,
			);
			path = Testing;
			sourceTree = "<group>";
		};
		66562E872936589D00F06455 /* Views */ = {
			isa = PBXGroup;
			children = (
				66A1CEEB2902CD6C007960A1 /* EscalaDeNotasView.swift */,
				66562E8D29365CAF00F06455 /* NotasView.swift */,
			);
			path = Views;
			sourceTree = "<group>";
		};
		66562E88293658A700F06455 /* ViewModel */ = {
			isa = PBXGroup;
			children = (
				664405C629252C5D00C9187A /* EscalaViewModel.swift */,
			);
			path = ViewModel;
			sourceTree = "<group>";
		};
		66562E89293658B400F06455 /* Model */ = {
			isa = PBXGroup;
			children = (
				664405C429252C4E00C9187A /* EscalaModel.swift */,
			);
			path = Model;
			sourceTree = "<group>";
		};
		66562E8A293658BD00F06455 /* Others */ = {
			isa = PBXGroup;
			children = (
				669F3D8529250B410003E100 /* EscalaComponents.swift */,
				66AFDC30293A7D0B004F777D /* EscalaModifiers.swift */,
			);
			path = Others;
			sourceTree = "<group>";
		};
		6674C6FB293DA7C2003DA77D /* CoreDataRelated */ = {
			isa = PBXGroup;
			children = (
				6674C6FC293DA7F7003DA77D /* CoreData.swift */,
				6674C6FE293DA909003DA77D /* CoreDataContainer.xcdatamodeld */,
			);
			path = CoreDataRelated;
			sourceTree = "<group>";
		};
		66A1CECA2902C63E007960A1 = {
			isa = PBXGroup;
			children = (
				66A1CED52902C63E007960A1 /* FirstApp */,
				66A1CED42902C63E007960A1 /* Products */,
			);
			sourceTree = "<group>";
		};
		66A1CED42902C63E007960A1 /* Products */ = {
			isa = PBXGroup;
			children = (
				66A1CED32902C63E007960A1 /* FirstApp.app */,
			);
			name = Products;
			sourceTree = "<group>";
		};
		66A1CED52902C63E007960A1 /* FirstApp */ = {
			isa = PBXGroup;
			children = (
				6674C6FB293DA7C2003DA77D /* CoreDataRelated */,
				663C68D7293BD6560030C4A9 /* Testing */,
				66A1CED62902C63E007960A1 /* FirstAppApp.swift */,
				66A1CEE72902C702007960A1 /* MainView.swift */,
				66A92F642937F88F0015CCC8 /* Global */,
				66A1CEF02902DB6B007960A1 /* Escala */,
				66A1CEEF2902DB54007960A1 /* Promedio */,
				66A1CEF12902DB7B007960A1 /* Perfil */,
				66A1CEDA2902C640007960A1 /* Assets.xcassets */,
				66A1CEDC2902C640007960A1 /* Preview Content */,
			);
			path = FirstApp;
			sourceTree = "<group>";
		};
		66A1CEDC2902C640007960A1 /* Preview Content */ = {
			isa = PBXGroup;
			children = (
				66A1CEDD2902C640007960A1 /* Preview Assets.xcassets */,
			);
			path = "Preview Content";
			sourceTree = "<group>";
		};
		66A1CEEF2902DB54007960A1 /* Promedio */ = {
			isa = PBXGroup;
			children = (
				66A92F6E29381C020015CCC8 /* Others */,
				66A92F6B293819720015CCC8 /* View */,
				66A92F6A2938196B0015CCC8 /* ViewModel */,
				66A92F69293819640015CCC8 /* Model */,
			);
			path = Promedio;
			sourceTree = "<group>";
		};
		66A1CEF02902DB6B007960A1 /* Escala */ = {
			isa = PBXGroup;
			children = (
				66562E8A293658BD00F06455 /* Others */,
				66562E89293658B400F06455 /* Model */,
				66562E88293658A700F06455 /* ViewModel */,
				66562E872936589D00F06455 /* Views */,
			);
			path = Escala;
			sourceTree = "<group>";
		};
		66A1CEF12902DB7B007960A1 /* Perfil */ = {
			isa = PBXGroup;
			children = (
				66A92F7429382E860015CCC8 /* Components */,
				66A92F7329382E550015CCC8 /* Model */,
				66A92F7229382E490015CCC8 /* ViewModel */,
				66A92F7129382E420015CCC8 /* View */,
			);
			path = Perfil;
			sourceTree = "<group>";
		};
		66A92F642937F88F0015CCC8 /* Global */ = {
			isa = PBXGroup;
			children = (
				66A92F652937F8A80015CCC8 /* GlobalCode.swift */,
				66AFDC32293A8EF1004F777D /* BackButton.swift */,
			);
			path = Global;
			sourceTree = "<group>";
		};
		66A92F69293819640015CCC8 /* Model */ = {
			isa = PBXGroup;
			children = (
				66A92F672938190F0015CCC8 /* NotaModel.swift */,
			);
			path = Model;
			sourceTree = "<group>";
		};
		66A92F6A2938196B0015CCC8 /* ViewModel */ = {
			isa = PBXGroup;
			children = (
				66A92F6C29381AD20015CCC8 /* NotaViewModel.swift */,
			);
			path = ViewModel;
			sourceTree = "<group>";
		};
		66A92F6B293819720015CCC8 /* View */ = {
			isa = PBXGroup;
			children = (
				66A1CEED2902CD8D007960A1 /* PromedioNotas.swift */,
			);
			path = View;
			sourceTree = "<group>";
		};
		66A92F6E29381C020015CCC8 /* Others */ = {
			isa = PBXGroup;
			children = (
				66A92F6F29381C140015CCC8 /* PromedioComponents.swift */,
			);
			path = Others;
			sourceTree = "<group>";
		};
		66A92F7129382E420015CCC8 /* View */ = {
			isa = PBXGroup;
			children = (
				66A1CEE92902CCE9007960A1 /* ProfileView.swift */,
				66AFDC3A293AA2D2004F777D /* SaveNotas.swift */,
			);
			path = View;
			sourceTree = "<group>";
		};
		66A92F7229382E490015CCC8 /* ViewModel */ = {
			isa = PBXGroup;
			children = (
				66AFDC36293A9BCB004F777D /* ProfileViewModel.swift */,
			);
			path = ViewModel;
			sourceTree = "<group>";
		};
		66A92F7329382E550015CCC8 /* Model */ = {
			isa = PBXGroup;
			children = (
				66AFDC34293A9B14004F777D /* PerfilModel.swift */,
				66AFDC38293A9C67004F777D /* MateriasModel.swift */,
			);
			path = Model;
			sourceTree = "<group>";
		};
		66A92F7429382E860015CCC8 /* Components */ = {
			isa = PBXGroup;
			children = (
				66A92F7529382E940015CCC8 /* PerfilView.swift */,
				66FF0089293D7149003FFCE1 /* MateriaComponent.swift */,
			);
			path = Components;
			sourceTree = "<group>";
		};
/* End PBXGroup section */

/* Begin PBXNativeTarget section */
		66A1CED22902C63E007960A1 /* FirstApp */ = {
			isa = PBXNativeTarget;
			buildConfigurationList = 66A1CEE12902C640007960A1 /* Build configuration list for PBXNativeTarget "FirstApp" */;
			buildPhases = (
				66A1CECF2902C63E007960A1 /* Sources */,
				66A1CED02902C63E007960A1 /* Frameworks */,
				66A1CED12902C63E007960A1 /* Resources */,
			);
			buildRules = (
			);
			dependencies = (
			);
			name = FirstApp;
			productName = FirstApp;
			productReference = 66A1CED32902C63E007960A1 /* FirstApp.app */;
			productType = "com.apple.product-type.application";
		};
/* End PBXNativeTarget section */

/* Begin PBXProject section */
		66A1CECB2902C63E007960A1 /* Project object */ = {
			isa = PBXProject;
			attributes = {
				BuildIndependentTargetsInParallel = 1;
				LastSwiftUpdateCheck = 1400;
				LastUpgradeCheck = 1400;
				TargetAttributes = {
					66A1CED22902C63E007960A1 = {
						CreatedOnToolsVersion = 14.0.1;
					};
				};
			};
			buildConfigurationList = 66A1CECE2902C63E007960A1 /* Build configuration list for PBXProject "firstApp" */;
			compatibilityVersion = "Xcode 14.0";
			developmentRegion = en;
			hasScannedForEncodings = 0;
			knownRegions = (
				en,
				Base,
			);
			mainGroup = 66A1CECA2902C63E007960A1;
			productRefGroup = 66A1CED42902C63E007960A1 /* Products */;
			projectDirPath = "";
			projectRoot = "";
			targets = (
				66A1CED22902C63E007960A1 /* FirstApp */,
			);
		};
/* End PBXProject section */

/* Begin PBXResourcesBuildPhase section */
		66A1CED12902C63E007960A1 /* Resources */ = {
			isa = PBXResourcesBuildPhase;
			buildActionMask = 2147483647;
			files = (
				66A1CEDE2902C640007960A1 /* Preview Assets.xcassets in Resources */,
				66A1CEDB2902C640007960A1 /* Assets.xcassets in Resources */,
			);
			runOnlyForDeploymentPostprocessing = 0;
		};
/* End PBXResourcesBuildPhase section */

/* Begin PBXSourcesBuildPhase section */
		66A1CECF2902C63E007960A1 /* Sources */ = {
			isa = PBXSourcesBuildPhase;
			buildActionMask = 2147483647;
			files = (
				663C68D9293BD6630030C4A9 /* ViewPassing.swift in Sources */,
				669F3D8629250B410003E100 /* EscalaComponents.swift in Sources */,
				66A1CEEC2902CD6C007960A1 /* EscalaDeNotasView.swift in Sources */,
				66AFDC39293A9C67004F777D /* MateriasModel.swift in Sources */,
				66A1CED72902C63E007960A1 /* FirstAppApp.swift in Sources */,
				66A92F7029381C140015CCC8 /* PromedioComponents.swift in Sources */,
				66A1CEEA2902CCE9007960A1 /* ProfileView.swift in Sources */,
				66AFDC3B293AA2D2004F777D /* SaveNotas.swift in Sources */,
				66FF008A293D7149003FFCE1 /* MateriaComponent.swift in Sources */,
				66A92F6D29381AD20015CCC8 /* NotaViewModel.swift in Sources */,
				66562E8E29365CAF00F06455 /* NotasView.swift in Sources */,
				66A92F662937F8A80015CCC8 /* GlobalCode.swift in Sources */,
				6674C700293DA909003DA77D /* CoreDataContainer.xcdatamodeld in Sources */,
				66AFDC33293A8EF1004F777D /* BackButton.swift in Sources */,
				66A92F7629382E940015CCC8 /* PerfilView.swift in Sources */,
				66A1CEE82902C702007960A1 /* MainView.swift in Sources */,
				66AFDC35293A9B14004F777D /* PerfilModel.swift in Sources */,
				66AFDC37293A9BCB004F777D /* ProfileViewModel.swift in Sources */,
				664405C529252C4E00C9187A /* EscalaModel.swift in Sources */,
				66AFDC31293A7D0B004F777D /* EscalaModifiers.swift in Sources */,
				66A92F682938190F0015CCC8 /* NotaModel.swift in Sources */,
				66A1CEEE2902CD8D007960A1 /* PromedioNotas.swift in Sources */,
				6674C6FD293DA7F7003DA77D /* CoreData.swift in Sources */,
				664405C729252C5D00C9187A /* EscalaViewModel.swift in Sources */,
			);
			runOnlyForDeploymentPostprocessing = 0;
		};
/* End PBXSourcesBuildPhase section */

/* Begin XCBuildConfiguration section */
		66A1CEDF2902C640007960A1 /* Debug */ = {
			isa = XCBuildConfiguration;
			buildSettings = {
				ALWAYS_SEARCH_USER_PATHS = NO;
				CLANG_ANALYZER_NONNULL = YES;
				CLANG_ANALYZER_NUMBER_OBJECT_CONVERSION = YES_AGGRESSIVE;
				CLANG_CXX_LANGUAGE_STANDARD = "gnu++20";
				CLANG_ENABLE_MODULES = YES;
				CLANG_ENABLE_OBJC_ARC = YES;
				CLANG_ENABLE_OBJC_WEAK = YES;
				CLANG_WARN_BLOCK_CAPTURE_AUTORELEASING = YES;
				CLANG_WARN_BOOL_CONVERSION = YES;
				CLANG_WARN_COMMA = YES;
				CLANG_WARN_CONSTANT_CONVERSION = YES;
				CLANG_WARN_DEPRECATED_OBJC_IMPLEMENTATIONS = YES;
				CLANG_WARN_DIRECT_OBJC_ISA_USAGE = YES_ERROR;
				CLANG_WARN_DOCUMENTATION_COMMENTS = YES;
				CLANG_WARN_EMPTY_BODY = YES;
				CLANG_WARN_ENUM_CONVERSION = YES;
				CLANG_WARN_INFINITE_RECURSION = YES;
				CLANG_WARN_INT_CONVERSION = YES;
				CLANG_WARN_NON_LITERAL_NULL_CONVERSION = YES;
				CLANG_WARN_OBJC_IMPLICIT_RETAIN_SELF = YES;
				CLANG_WARN_OBJC_LITERAL_CONVERSION = YES;
				CLANG_WARN_OBJC_ROOT_CLASS = YES_ERROR;
				CLANG_WARN_QUOTED_INCLUDE_IN_FRAMEWORK_HEADER = YES;
				CLANG_WARN_RANGE_LOOP_ANALYSIS = YES;
				CLANG_WARN_STRICT_PROTOTYPES = YES;
				CLANG_WARN_SUSPICIOUS_MOVE = YES;
				CLANG_WARN_UNGUARDED_AVAILABILITY = YES_AGGRESSIVE;
				CLANG_WARN_UNREACHABLE_CODE = YES;
				CLANG_WARN__DUPLICATE_METHOD_MATCH = YES;
				COPY_PHASE_STRIP = NO;
				DEBUG_INFORMATION_FORMAT = dwarf;
				ENABLE_STRICT_OBJC_MSGSEND = YES;
				ENABLE_TESTABILITY = YES;
				GCC_C_LANGUAGE_STANDARD = gnu11;
				GCC_DYNAMIC_NO_PIC = NO;
				GCC_NO_COMMON_BLOCKS = YES;
				GCC_OPTIMIZATION_LEVEL = 0;
				GCC_PREPROCESSOR_DEFINITIONS = (
					"DEBUG=1",
					"$(inherited)",
				);
				GCC_WARN_64_TO_32_BIT_CONVERSION = YES;
				GCC_WARN_ABOUT_RETURN_TYPE = YES_ERROR;
				GCC_WARN_UNDECLARED_SELECTOR = YES;
				GCC_WARN_UNINITIALIZED_AUTOS = YES_AGGRESSIVE;
				GCC_WARN_UNUSED_FUNCTION = YES;
				GCC_WARN_UNUSED_VARIABLE = YES;
				IPHONEOS_DEPLOYMENT_TARGET = 16.0;
				MTL_ENABLE_DEBUG_INFO = INCLUDE_SOURCE;
				MTL_FAST_MATH = YES;
				ONLY_ACTIVE_ARCH = YES;
				SDKROOT = iphoneos;
				SWIFT_ACTIVE_COMPILATION_CONDITIONS = DEBUG;
				SWIFT_OPTIMIZATION_LEVEL = "-Onone";
			};
			name = Debug;
		};
		66A1CEE02902C640007960A1 /* Release */ = {
			isa = XCBuildConfiguration;
			buildSettings = {
				ALWAYS_SEARCH_USER_PATHS = NO;
				CLANG_ANALYZER_NONNULL = YES;
				CLANG_ANALYZER_NUMBER_OBJECT_CONVERSION = YES_AGGRESSIVE;
				CLANG_CXX_LANGUAGE_STANDARD = "gnu++20";
				CLANG_ENABLE_MODULES = YES;
				CLANG_ENABLE_OBJC_ARC = YES;
				CLANG_ENABLE_OBJC_WEAK = YES;
				CLANG_WARN_BLOCK_CAPTURE_AUTORELEASING = YES;
				CLANG_WARN_BOOL_CONVERSION = YES;
				CLANG_WARN_COMMA = YES;
				CLANG_WARN_CONSTANT_CONVERSION = YES;
				CLANG_WARN_DEPRECATED_OBJC_IMPLEMENTATIONS = YES;
				CLANG_WARN_DIRECT_OBJC_ISA_USAGE = YES_ERROR;
				CLANG_WARN_DOCUMENTATION_COMMENTS = YES;
				CLANG_WARN_EMPTY_BODY = YES;
				CLANG_WARN_ENUM_CONVERSION = YES;
				CLANG_WARN_INFINITE_RECURSION = YES;
				CLANG_WARN_INT_CONVERSION = YES;
				CLANG_WARN_NON_LITERAL_NULL_CONVERSION = YES;
				CLANG_WARN_OBJC_IMPLICIT_RETAIN_SELF = YES;
				CLANG_WARN_OBJC_LITERAL_CONVERSION = YES;
				CLANG_WARN_OBJC_ROOT_CLASS = YES_ERROR;
				CLANG_WARN_QUOTED_INCLUDE_IN_FRAMEWORK_HEADER = YES;
				CLANG_WARN_RANGE_LOOP_ANALYSIS = YES;
				CLANG_WARN_STRICT_PROTOTYPES = YES;
				CLANG_WARN_SUSPICIOUS_MOVE = YES;
				CLANG_WARN_UNGUARDED_AVAILABILITY = YES_AGGRESSIVE;
				CLANG_WARN_UNREACHABLE_CODE = YES;
				CLANG_WARN__DUPLICATE_METHOD_MATCH = YES;
				COPY_PHASE_STRIP = NO;
				DEBUG_INFORMATION_FORMAT = "dwarf-with-dsym";
				ENABLE_NS_ASSERTIONS = NO;
				ENABLE_STRICT_OBJC_MSGSEND = YES;
				GCC_C_LANGUAGE_STANDARD = gnu11;
				GCC_NO_COMMON_BLOCKS = YES;
				GCC_WARN_64_TO_32_BIT_CONVERSION = YES;
				GCC_WARN_ABOUT_RETURN_TYPE = YES_ERROR;
				GCC_WARN_UNDECLARED_SELECTOR = YES;
				GCC_WARN_UNINITIALIZED_AUTOS = YES_AGGRESSIVE;
				GCC_WARN_UNUSED_FUNCTION = YES;
				GCC_WARN_UNUSED_VARIABLE = YES;
				IPHONEOS_DEPLOYMENT_TARGET = 16.0;
				MTL_ENABLE_DEBUG_INFO = NO;
				MTL_FAST_MATH = YES;
				SDKROOT = iphoneos;
				SWIFT_COMPILATION_MODE = wholemodule;
				SWIFT_OPTIMIZATION_LEVEL = "-O";
				VALIDATE_PRODUCT = YES;
			};
			name = Release;
		};
		66A1CEE22902C640007960A1 /* Debug */ = {
			isa = XCBuildConfiguration;
			buildSettings = {
				ASSETCATALOG_COMPILER_APPICON_NAME = AppIcon;
				ASSETCATALOG_COMPILER_GLOBAL_ACCENT_COLOR_NAME = AccentColor;
				CODE_SIGN_STYLE = Automatic;
				CURRENT_PROJECT_VERSION = 1;
				DEVELOPMENT_ASSET_PATHS = "\"FirstApp/Preview Content\"";
				DEVELOPMENT_TEAM = HKKAM4GN94;
				ENABLE_PREVIEWS = YES;
				GENERATE_INFOPLIST_FILE = YES;
				INFOPLIST_KEY_UIApplicationSceneManifest_Generation = YES;
				INFOPLIST_KEY_UIApplicationSupportsIndirectInputEvents = YES;
				INFOPLIST_KEY_UILaunchScreen_Generation = YES;
				INFOPLIST_KEY_UISupportedInterfaceOrientations_iPad = "UIInterfaceOrientationPortrait UIInterfaceOrientationPortraitUpsideDown UIInterfaceOrientationLandscapeLeft UIInterfaceOrientationLandscapeRight";
				INFOPLIST_KEY_UISupportedInterfaceOrientations_iPhone = "UIInterfaceOrientationPortrait UIInterfaceOrientationLandscapeLeft UIInterfaceOrientationLandscapeRight";
				LD_RUNPATH_SEARCH_PATHS = (
					"$(inherited)",
					"@executable_path/Frameworks",
				);
				MARKETING_VERSION = 1.0;
				PRODUCT_BUNDLE_IDENTIFIER = Warlo.FirstApp;
				PRODUCT_NAME = "$(TARGET_NAME)";
				SWIFT_EMIT_LOC_STRINGS = YES;
				SWIFT_VERSION = 5.0;
				TARGETED_DEVICE_FAMILY = "1,2";
			};
			name = Debug;
		};
		66A1CEE32902C640007960A1 /* Release */ = {
			isa = XCBuildConfiguration;
			buildSettings = {
				ASSETCATALOG_COMPILER_APPICON_NAME = AppIcon;
				ASSETCATALOG_COMPILER_GLOBAL_ACCENT_COLOR_NAME = AccentColor;
				CODE_SIGN_STYLE = Automatic;
				CURRENT_PROJECT_VERSION = 1;
				DEVELOPMENT_ASSET_PATHS = "\"FirstApp/Preview Content\"";
				DEVELOPMENT_TEAM = HKKAM4GN94;
				ENABLE_PREVIEWS = YES;
				GENERATE_INFOPLIST_FILE = YES;
				INFOPLIST_KEY_UIApplicationSceneManifest_Generation = YES;
				INFOPLIST_KEY_UIApplicationSupportsIndirectInputEvents = YES;
				INFOPLIST_KEY_UILaunchScreen_Generation = YES;
				INFOPLIST_KEY_UISupportedInterfaceOrientations_iPad = "UIInterfaceOrientationPortrait UIInterfaceOrientationPortraitUpsideDown UIInterfaceOrientationLandscapeLeft UIInterfaceOrientationLandscapeRight";
				INFOPLIST_KEY_UISupportedInterfaceOrientations_iPhone = "UIInterfaceOrientationPortrait UIInterfaceOrientationLandscapeLeft UIInterfaceOrientationLandscapeRight";
				LD_RUNPATH_SEARCH_PATHS = (
					"$(inherited)",
					"@executable_path/Frameworks",
				);
				MARKETING_VERSION = 1.0;
				PRODUCT_BUNDLE_IDENTIFIER = Warlo.FirstApp;
				PRODUCT_NAME = "$(TARGET_NAME)";
				SWIFT_EMIT_LOC_STRINGS = YES;
				SWIFT_VERSION = 5.0;
				TARGETED_DEVICE_FAMILY = "1,2";
			};
			name = Release;
		};
/* End XCBuildConfiguration section */

/* Begin XCConfigurationList section */
		66A1CECE2902C63E007960A1 /* Build configuration list for PBXProject "firstApp" */ = {
			isa = XCConfigurationList;
			buildConfigurations = (
				66A1CEDF2902C640007960A1 /* Debug */,
				66A1CEE02902C640007960A1 /* Release */,
			);
			defaultConfigurationIsVisible = 0;
			defaultConfigurationName = Release;
		};
		66A1CEE12902C640007960A1 /* Build configuration list for PBXNativeTarget "FirstApp" */ = {
			isa = XCConfigurationList;
			buildConfigurations = (
				66A1CEE22902C640007960A1 /* Debug */,
				66A1CEE32902C640007960A1 /* Release */,
			);
			defaultConfigurationIsVisible = 0;
			defaultConfigurationName = Release;
		};
/* End XCConfigurationList section */

/* Begin XCVersionGroup section */
		6674C6FE293DA909003DA77D /* CoreDataContainer.xcdatamodeld */ = {
			isa = XCVersionGroup;
			children = (
				6674C6FF293DA909003DA77D /* CoreDataContainer.xcdatamodel */,
			);
			currentVersion = 6674C6FF293DA909003DA77D /* CoreDataContainer.xcdatamodel */;
			name = CoreDataContainer.xcdatamodeld;
			path = ../../firstapp/CoreDataRelated/CoreDataContainer.xcdatamodeld;
			sourceTree = "<group>";
			versionGroupType = wrapper.xcdatamodel;
		};
/* End XCVersionGroup section */
	};
	rootObject = 66A1CECB2902C63E007960A1 /* Project object */;
}
